
Microsoft Visual Studio Solution File, Format Version 12.00
# Visual Studio Version 17
VisualStudioVersion = 17.8.34511.84
MinimumVisualStudioVersion = 10.0.40219.1
Project("{FAE04EC0-301F-11D3-BF4B-00C04F79EFBC}") = "AsyncMain_1", "AsyncMain_1\AsyncMain_1.csproj", "{AD5A86AD-46A5-42F0-ACF3-9078089A652F}"
EndProject
Project("{FAE04EC0-301F-11D3-BF4B-00C04F79EFBC}") = "AsyncMain_2", "AsyncMain_2\AsyncMain_2.csproj", "{7C78ADC8-F96B-4993-82D3-EADFA9EF5CB6}"
EndProject
Project("{FAE04EC0-301F-11D3-BF4B-00C04F79EFBC}") = "AsyncMain_3", "AsyncMain_3\AsyncMain_3.csproj", "{5D5A7148-ADFA-4F60-A8B7-0BC58BF055E8}"
EndProject
Project("{FAE04EC0-301F-11D3-BF4B-00C04F79EFBC}") = "AsyncMain_4", "AsyncMain_4\AsyncMain_4.csproj", "{C9BBE1BD-6682-44BB-8606-1F12CC016555}"
EndProject
Project("{FAE04EC0-301F-11D3-BF4B-00C04F79EFBC}") = "AsyncMain_5", "AsyncMain_5\AsyncMain_5.csproj", "{4ECE8AA9-7003-4193-BD3F-F7AE3290B58B}"
EndProject
Global
	GlobalSection(SolutionConfigurationPlatforms) = preSolution
		Debug|Any CPU = Debug|Any CPU
		Release|Any CPU = Release|Any CPU
	EndGlobalSection
	GlobalSection(ProjectConfigurationPlatforms) = postSolution
		{AD5A86AD-46A5-42F0-ACF3-9078089A652F}.Debug|Any CPU.ActiveCfg = Debug|Any CPU
		{AD5A86AD-46A5-42F0-ACF3-9078089A652F}.Debug|Any CPU.Build.0 = Debug|Any CPU
		{AD5A86AD-46A5-42F0-ACF3-9078089A652F}.Release|Any CPU.ActiveCfg = Release|Any CPU
		{AD5A86AD-46A5-42F0-ACF3-9078089A652F}.Release|Any CPU.Build.0 = Release|Any CPU
		{7C78ADC8-F96B-4993-82D3-EADFA9EF5CB6}.Debug|Any CPU.ActiveCfg = Debug|Any CPU
		{7C78ADC8-F96B-4993-82D3-EADFA9EF5CB6}.Debug|Any CPU.Build.0 = Debug|Any CPU
		{7C78ADC8-F96B-4993-82D3-EADFA9EF5CB6}.Release|Any CPU.ActiveCfg = Release|Any CPU
		{7C78ADC8-F96B-4993-82D3-EADFA9EF5CB6}.Release|Any CPU.Build.0 = Release|Any CPU
		{5D5A7148-ADFA-4F60-A8B7-0BC58BF055E8}.Debug|Any CPU.ActiveCfg = Debug|Any CPU
		{5D5A7148-ADFA-4F60-A8B7-0BC58BF055E8}.Debug|Any CPU.Build.0 = Debug|Any CPU
		{5D5A7148-ADFA-4F60-A8B7-0BC58BF055E8}.Release|Any CPU.ActiveCfg = Release|Any CPU
		{5D5A7148-ADFA-4F60-A8B7-0BC58BF055E8}.Release|Any CPU.Build.0 = Release|Any CPU
		{C9BBE1BD-6682-44BB-8606-1F12CC016555}.Debug|Any CPU.ActiveCfg = Debug|Any CPU
		{C9BBE1BD-6682-44BB-8606-1F12CC016555}.Debug|Any CPU.Build.0 = Debug|Any CPU
		{C9BBE1BD-6682-44BB-8606-1F12CC016555}.Release|Any CPU.ActiveCfg = Release|Any CPU
		{C9BBE1BD-6682-44BB-8606-1F12CC016555}.Release|Any CPU.Build.0 = Release|Any CPU
		{4ECE8AA9-7003-4193-BD3F-F7AE3290B58B}.Debug|Any CPU.ActiveCfg = Debug|Any CPU
		{4ECE8AA9-7003-4193-BD3F-F7AE3290B58B}.Debug|Any CPU.Build.0 = Debug|Any CPU
		{4ECE8AA9-7003-4193-BD3F-F7AE3290B58B}.Release|Any CPU.ActiveCfg = Release|Any CPU
		{4ECE8AA9-7003-4193-BD3F-F7AE3290B58B}.Release|Any CPU.Build.0 = Release|Any CPU
	EndGlobalSection
	GlobalSection(SolutionProperties) = preSolution
		HideSolutionNode = FALSE
	EndGlobalSection
	GlobalSection(ExtensibilityGlobals) = postSolution
		SolutionGuid = {5847ECF1-0D40-4A9E-A9D9-982B88248B5E}
	EndGlobalSection
EndGlobal
